
Microsoft Visual Studio Solution File, Format Version 12.00
# Visual Studio Version 17
VisualStudioVersion = 17.12.35527.113 d17.12
MinimumVisualStudioVersion = 10.0.40219.1
Project("{FAE04EC0-301F-11D3-BF4B-00C04F79EFBC}") = "ML.NET Project", "ML.NET Project.csproj", "{D54F4702-1F8B-4A57-8FA1-B0626D6CECEB}"
EndProject
Global
	GlobalSection(SolutionConfigurationPlatforms) = preSolution
		Debug|Any CPU = Debug|Any CPU
		Release|Any CPU = Release|Any CPU
	EndGlobalSection
	GlobalSection(ProjectConfigurationPlatforms) = postSolution
		{D54F4702-1F8B-4A57-8FA1-B0626D6CECEB}.Debug|Any CPU.ActiveCfg = Debug|Any CPU
		{D54F4702-1F8B-4A57-8FA1-B0626D6CECEB}.Debug|Any CPU.Build.0 = Debug|Any CPU
		{D54F4702-1F8B-4A57-8FA1-B0626D6CECEB}.Release|Any CPU.ActiveCfg = Release|Any CPU
		{D54F4702-1F8B-4A57-8FA1-B0626D6CECEB}.Release|Any CPU.Build.0 = Release|Any CPU
	EndGlobalSection
	GlobalSection(SolutionProperties) = preSolution
		HideSolutionNode = FALSE
	EndGlobalSection
EndGlobal
